
Microsoft Visual Studio Solution File, Format Version 12.00
# Visual Studio 15
VisualStudioVersion = 15.0.27428.2027
MinimumVisualStudioVersion = 10.0.40219.1
Project("{9A19103F-16F7-4668-BE54-9A1E7A4F7556}") = "Envoy", "Envoy\Envoy.csproj", "{A36F8600-2661-4187-93C0-74D5F0C856A2}"
EndProject
Project("{9A19103F-16F7-4668-BE54-9A1E7A4F7556}") = "Envoy.Sample", "Envoy.Sample\Envoy.Sample.csproj", "{1D1A54C2-F1E4-4A32-9530-71DB27047BEE}"
EndProject
Project("{9A19103F-16F7-4668-BE54-9A1E7A4F7556}") = "Envoy.Tests", "Envoy.Tests\Envoy.Tests.csproj", "{2AB1806E-8782-4761-8BCA-4E8FBAB841D3}"
EndProject
Global
	GlobalSection(SolutionConfigurationPlatforms) = preSolution
		Debug|Any CPU = Debug|Any CPU
		Release|Any CPU = Release|Any CPU
	EndGlobalSection
	GlobalSection(ProjectConfigurationPlatforms) = postSolution
		{A36F8600-2661-4187-93C0-74D5F0C856A2}.Debug|Any CPU.ActiveCfg = Debug|Any CPU
		{A36F8600-2661-4187-93C0-74D5F0C856A2}.Debug|Any CPU.Build.0 = Debug|Any CPU
		{A36F8600-2661-4187-93C0-74D5F0C856A2}.Release|Any CPU.ActiveCfg = Release|Any CPU
		{A36F8600-2661-4187-93C0-74D5F0C856A2}.Release|Any CPU.Build.0 = Release|Any CPU
		{1D1A54C2-F1E4-4A32-9530-71DB27047BEE}.Debug|Any CPU.ActiveCfg = Debug|Any CPU
		{1D1A54C2-F1E4-4A32-9530-71DB27047BEE}.Debug|Any CPU.Build.0 = Debug|Any CPU
		{1D1A54C2-F1E4-4A32-9530-71DB27047BEE}.Release|Any CPU.ActiveCfg = Release|Any CPU
		{1D1A54C2-F1E4-4A32-9530-71DB27047BEE}.Release|Any CPU.Build.0 = Release|Any CPU
		{2AB1806E-8782-4761-8BCA-4E8FBAB841D3}.Debug|Any CPU.ActiveCfg = Debug|Any CPU
		{2AB1806E-8782-4761-8BCA-4E8FBAB841D3}.Debug|Any CPU.Build.0 = Debug|Any CPU
		{2AB1806E-8782-4761-8BCA-4E8FBAB841D3}.Release|Any CPU.ActiveCfg = Release|Any CPU
		{2AB1806E-8782-4761-8BCA-4E8FBAB841D3}.Release|Any CPU.Build.0 = Release|Any CPU
	EndGlobalSection
	GlobalSection(SolutionProperties) = preSolution
		HideSolutionNode = FALSE
	EndGlobalSection
	GlobalSection(ExtensibilityGlobals) = postSolution
		SolutionGuid = {FF35A802-8BA1-49DA-89B4-2B64394A8C49}
	EndGlobalSection
EndGlobal
